<Solution>
  <Folder Name="/Solution Items/">
    <File Path=".config/dotnet-tools.json" />
    <File Path=".editorconfig" />
    <File Path=".gitignore" />
    <File Path="AGENTS.md" />
    <File Path="Directory.Build.props" />
    <File Path="Directory.Build.targets" />
    <File Path="Directory.Packages.props" />
    <File Path="exclusions.dic" />
    <File Path="global.json" />
    <File Path="NuGet.config" />
    <File Path="README.md" />
  </Folder>
  <Folder Name="/Solution Items/.config/">
    <File Path=".config/dotnet-tools.json" />
  </Folder>
  <Folder Name="/Solution Items/.github/" />
  <Folder Name="/Solution Items/.github/workflows/">
    <File Path=".github/workflows/build-and-deploy.yml" />
    <File Path=".github/workflows/deploy-infrastructure.yml" />
  </Folder>
  <Folder Name="/src/">
    <Project Path="src/AzraTasks.Api/AzraTasks.Api.csproj" />
    <Project Path="src/AzraTasks.Core/AzraTasks.Core.csproj" />
    <Project Path="src/AzraTasks.Data/AzraTasks.Data.csproj" />
    <Project Path="src/AzraTasks.ServiceDefaults/AzraTasks.ServiceDefaults.csproj" />
    <Project Path="src/AzraTasks.Web/AzraTasks.Web.csproj" />
  </Folder>
  <Folder Name="/tests/">
    <Project Path="test/AzraTasks.Core.Tests/AzraTasks.Core.Tests.csproj" />
    <Project Path="test/AzraTasks.Data.Tests/AzraTasks.Data.Tests.csproj" />
    <Project Path="test/AzraTasks.Testing/AzraTasks.Testing.csproj" />
  </Folder>
  <Project Path="AzraTasks.AppHost/AzraTasks.AppHost.csproj" />
</Solution>
